
Microsoft Visual Studio Solution File, Format Version 12.00
# Visual Studio Version 17
VisualStudioVersion = 17.14.36603.0 d17.14
MinimumVisualStudioVersion = 10.0.40219.1
Project("{8BC9CEB8-8B4A-11D0-8D11-00A0C91BC942}") = "lab_07_03_it", "lab_07_03_it\lab_07_03_it.vcxproj", "{13B17FF2-99D8-4159-AE53-3F8E80004B4A}"
EndProject
Project("{8BC9CEB8-8B4A-11D0-8D11-00A0C91BC942}") = "UnitTest7.3.it", "UnitTest7.3.it\UnitTest7.3.it.vcxproj", "{8FF3AB99-CAFC-22F9-D367-6148D485E34D}"
EndProject
Global
	GlobalSection(SolutionConfigurationPlatforms) = preSolution
		Debug|x64 = Debug|x64
		Debug|x86 = Debug|x86
		Release|x64 = Release|x64
		Release|x86 = Release|x86
	EndGlobalSection
	GlobalSection(ProjectConfigurationPlatforms) = postSolution
		{13B17FF2-99D8-4159-AE53-3F8E80004B4A}.Debug|x64.ActiveCfg = Debug|x64
		{13B17FF2-99D8-4159-AE53-3F8E80004B4A}.Debug|x64.Build.0 = Debug|x64
		{13B17FF2-99D8-4159-AE53-3F8E80004B4A}.Debug|x86.ActiveCfg = Debug|Win32
		{13B17FF2-99D8-4159-AE53-3F8E80004B4A}.Debug|x86.Build.0 = Debug|Win32
		{13B17FF2-99D8-4159-AE53-3F8E80004B4A}.Release|x64.ActiveCfg = Release|x64
		{13B17FF2-99D8-4159-AE53-3F8E80004B4A}.Release|x64.Build.0 = Release|x64
		{13B17FF2-99D8-4159-AE53-3F8E80004B4A}.Release|x86.ActiveCfg = Release|Win32
		{13B17FF2-99D8-4159-AE53-3F8E80004B4A}.Release|x86.Build.0 = Release|Win32
		{8FF3AB99-CAFC-22F9-D367-6148D485E34D}.Debug|x64.ActiveCfg = Debug|x64
		{8FF3AB99-CAFC-22F9-D367-6148D485E34D}.Debug|x64.Build.0 = Debug|x64
		{8FF3AB99-CAFC-22F9-D367-6148D485E34D}.Debug|x86.ActiveCfg = Debug|Win32
		{8FF3AB99-CAFC-22F9-D367-6148D485E34D}.Debug|x86.Build.0 = Debug|Win32
		{8FF3AB99-CAFC-22F9-D367-6148D485E34D}.Release|x64.ActiveCfg = Release|x64
		{8FF3AB99-CAFC-22F9-D367-6148D485E34D}.Release|x64.Build.0 = Release|x64
		{8FF3AB99-CAFC-22F9-D367-6148D485E34D}.Release|x86.ActiveCfg = Release|Win32
		{8FF3AB99-CAFC-22F9-D367-6148D485E34D}.Release|x86.Build.0 = Release|Win32
	EndGlobalSection
	GlobalSection(SolutionProperties) = preSolution
		HideSolutionNode = FALSE
	EndGlobalSection
	GlobalSection(ExtensibilityGlobals) = postSolution
		SolutionGuid = {71B41475-5259-422D-9D31-AF6883DA09F3}
	EndGlobalSection
EndGlobal
