
Microsoft Visual Studio Solution File, Format Version 12.00
# Visual Studio Version 17
VisualStudioVersion = 17.14.36603.0 d17.14
MinimumVisualStudioVersion = 10.0.40219.1
Project("{8BC9CEB8-8B4A-11D0-8D11-00A0C91BC942}") = "lab_07_03_rec", "lab_07_03_rec\lab_07_03_rec.vcxproj", "{D3A31FF9-711E-41C1-81CE-93C8A16186A8}"
EndProject
Project("{8BC9CEB8-8B4A-11D0-8D11-00A0C91BC942}") = "UnitTest7.3.rec", "UnitTest7.3.rec\UnitTest7.3.rec.vcxproj", "{818E7AC1-4AE7-6976-969B-CCEABBDF3AAC}"
EndProject
Global
	GlobalSection(SolutionConfigurationPlatforms) = preSolution
		Debug|x64 = Debug|x64
		Debug|x86 = Debug|x86
		Release|x64 = Release|x64
		Release|x86 = Release|x86
	EndGlobalSection
	GlobalSection(ProjectConfigurationPlatforms) = postSolution
		{D3A31FF9-711E-41C1-81CE-93C8A16186A8}.Debug|x64.ActiveCfg = Debug|x64
		{D3A31FF9-711E-41C1-81CE-93C8A16186A8}.Debug|x64.Build.0 = Debug|x64
		{D3A31FF9-711E-41C1-81CE-93C8A16186A8}.Debug|x86.ActiveCfg = Debug|Win32
		{D3A31FF9-711E-41C1-81CE-93C8A16186A8}.Debug|x86.Build.0 = Debug|Win32
		{D3A31FF9-711E-41C1-81CE-93C8A16186A8}.Release|x64.ActiveCfg = Release|x64
		{D3A31FF9-711E-41C1-81CE-93C8A16186A8}.Release|x64.Build.0 = Release|x64
		{D3A31FF9-711E-41C1-81CE-93C8A16186A8}.Release|x86.ActiveCfg = Release|Win32
		{D3A31FF9-711E-41C1-81CE-93C8A16186A8}.Release|x86.Build.0 = Release|Win32
		{818E7AC1-4AE7-6976-969B-CCEABBDF3AAC}.Debug|x64.ActiveCfg = Debug|x64
		{818E7AC1-4AE7-6976-969B-CCEABBDF3AAC}.Debug|x64.Build.0 = Debug|x64
		{818E7AC1-4AE7-6976-969B-CCEABBDF3AAC}.Debug|x86.ActiveCfg = Debug|Win32
		{818E7AC1-4AE7-6976-969B-CCEABBDF3AAC}.Debug|x86.Build.0 = Debug|Win32
		{818E7AC1-4AE7-6976-969B-CCEABBDF3AAC}.Release|x64.ActiveCfg = Release|x64
		{818E7AC1-4AE7-6976-969B-CCEABBDF3AAC}.Release|x64.Build.0 = Release|x64
		{818E7AC1-4AE7-6976-969B-CCEABBDF3AAC}.Release|x86.ActiveCfg = Release|Win32
		{818E7AC1-4AE7-6976-969B-CCEABBDF3AAC}.Release|x86.Build.0 = Release|Win32
	EndGlobalSection
	GlobalSection(SolutionProperties) = preSolution
		HideSolutionNode = FALSE
	EndGlobalSection
	GlobalSection(ExtensibilityGlobals) = postSolution
		SolutionGuid = {41B7A9D4-B53E-4119-A605-0A39BD8152CB}
	EndGlobalSection
EndGlobal
